
Microsoft Visual Studio Solution File, Format Version 12.00
# Visual Studio Version 17
VisualStudioVersion = 17.5.33209.295
MinimumVisualStudioVersion = 10.0.40219.1
Project("{9A19103F-16F7-4668-BE54-9A1E7A4F7556}") = "WASalesTax", "WASaleTax\WASalesTax.csproj", "{FD2863AF-B5E9-4465-A619-C93E2447A417}"
EndProject
Project("{9A19103F-16F7-4668-BE54-9A1E7A4F7556}") = "WASalesTax.Tests", "WASalesTax.Tests\WASalesTax.Tests.csproj", "{55965C6C-F911-4DCC-A01A-7B1027ADA9FC}"
EndProject
Global
	GlobalSection(SolutionConfigurationPlatforms) = preSolution
		Debug|Any CPU = Debug|Any CPU
		Release|Any CPU = Release|Any CPU
	EndGlobalSection
	GlobalSection(ProjectConfigurationPlatforms) = postSolution
		{FD2863AF-B5E9-4465-A619-C93E2447A417}.Debug|Any CPU.ActiveCfg = Debug|Any CPU
		{FD2863AF-B5E9-4465-A619-C93E2447A417}.Debug|Any CPU.Build.0 = Debug|Any CPU
		{FD2863AF-B5E9-4465-A619-C93E2447A417}.Release|Any CPU.ActiveCfg = Release|Any CPU
		{FD2863AF-B5E9-4465-A619-C93E2447A417}.Release|Any CPU.Build.0 = Release|Any CPU
		{55965C6C-F911-4DCC-A01A-7B1027ADA9FC}.Debug|Any CPU.ActiveCfg = Debug|Any CPU
		{55965C6C-F911-4DCC-A01A-7B1027ADA9FC}.Debug|Any CPU.Build.0 = Debug|Any CPU
		{55965C6C-F911-4DCC-A01A-7B1027ADA9FC}.Release|Any CPU.ActiveCfg = Release|Any CPU
		{55965C6C-F911-4DCC-A01A-7B1027ADA9FC}.Release|Any CPU.Build.0 = Release|Any CPU
	EndGlobalSection
	GlobalSection(SolutionProperties) = preSolution
		HideSolutionNode = FALSE
	EndGlobalSection
	GlobalSection(ExtensibilityGlobals) = postSolution
		SolutionGuid = {93D6C9D3-1768-4884-8BE7-2752B296C3C3}
	EndGlobalSection
EndGlobal
