
Microsoft Visual Studio Solution File, Format Version 12.00
# Visual Studio Version 16
VisualStudioVersion = 16.0.31005.135
MinimumVisualStudioVersion = 10.0.40219.1
Project("{9A19103F-16F7-4668-BE54-9A1E7A4F7556}") = "WASalesTax", "WASalesTax.csproj", "{184E3E33-A493-4984-8239-17A63A1A6C04}"
EndProject
Global
	GlobalSection(SolutionConfigurationPlatforms) = preSolution
		Debug|Any CPU = Debug|Any CPU
		Release|Any CPU = Release|Any CPU
	EndGlobalSection
	GlobalSection(ProjectConfigurationPlatforms) = postSolution
		{184E3E33-A493-4984-8239-17A63A1A6C04}.Debug|Any CPU.ActiveCfg = Debug|Any CPU
		{184E3E33-A493-4984-8239-17A63A1A6C04}.Debug|Any CPU.Build.0 = Debug|Any CPU
		{184E3E33-A493-4984-8239-17A63A1A6C04}.Release|Any CPU.ActiveCfg = Release|Any CPU
		{184E3E33-A493-4984-8239-17A63A1A6C04}.Release|Any CPU.Build.0 = Release|Any CPU
	EndGlobalSection
	GlobalSection(SolutionProperties) = preSolution
		HideSolutionNode = FALSE
	EndGlobalSection
	GlobalSection(ExtensibilityGlobals) = postSolution
		SolutionGuid = {27F1E16F-F485-45BB-817F-8C3C5EAA3DF9}
	EndGlobalSection
EndGlobal
